dependencies:
  idf:
    source:
      type: idf
    version: 6.0.0
  supcik/hx711:
    component_hash: 2f848bc8651a80ad941ac678b8efc7726ea247a76edce93cbf81554eab45f46d
    dependencies:
    - name: idf
      require: private
      version: '>=5.3'
    source:
      registry_url: https://components.espressif.com/
      type: service
    version: 1.0.1
direct_dependencies:
- idf
- supcik/hx711
manifest_hash: 9f5fba7553cec9be0e62893c48ed420a43a9447da26067f458483fb716724fc1
target: esp32c3
version: 2.0.0
